DEPENDENCIES
  apache2
    git: https://github.com/arturmelo/apache2.git
    revision: 0f6b3b5eece168f65b8bd8e332fd47c3f8a0cb03
  chef-php-extra
    git: https://github.com/Restless-ET/chef-php-extra.git
    revision: 29b039de32cdfd424dc041c3d5603905518fc1b2
  locales
    git: https://github.com/redguide/locales.git
    revision: ede842aa72a6c96f5452c2666e095f356dd551ec
  php
    git: https://github.com/beubi/cookbook-php.git
    revision: 5b9762279cc5cbdf6176316eb75f696160971604
  sf2-demo
    path: chef/site-cookbooks/sf2-demo
  symfony2
    git: https://github.com/beubi/chef-symfony2.git
    revision: 2474c3ad2ff7d932f162d2aa379d93a9e58a17e2
  timezone-ii
  unattended-upgrades
    git: https://github.com/beubi/chef-unattended-upgrades.git
    revision: 872224db1323b419b48c45ec340bde7c52eff79e
  vim (= 1.1.2)

GRAPH
  apache (0.0.5)
    apache2 (>= 0.0.0)
  apache2 (3.1.0)
  apt (2.8.2)
  build-essential (2.0.2)
  chef-php-extra (0.4.1)
    apt (>= 1.8.4)
    git (>= 1.0.0)
    php (>= 1.1.8)
    yum (>= 0.8.0)
  chef-sugar (3.1.1)
  chef_handler (1.2.0)
  composer (1.1.0)
    php (>= 0.0.0)
    windows (>= 0.0.0)
  dmg (2.2.2)
  git (4.0.2)
    build-essential (>= 0.0.0)
    dmg (>= 0.0.0)
    runit (>= 1.0.0)
    windows (>= 0.0.0)
    yum (~> 3.0)
    yum-epel (>= 0.0.0)
  iis (4.1.1)
    windows (>= 1.34.6)
  locales (0.4.0)
  mysql (6.1.2)
    smf (>= 0.0.0)
    yum-mysql-community (>= 0.0.0)
  packagecloud (0.1.0)
  php (1.7.1)
    build-essential (>= 0.0.0)
    iis (>= 0.0.0)
    mysql (>= 0.0.0)
    windows (>= 0.0.0)
    xml (>= 0.0.0)
    yum-epel (>= 0.0.0)
  rbac (1.0.3)
  runit (1.7.2)
    packagecloud (>= 0.0.0)
  sf2-demo (1.0.0)
    apache2 (>= 0.0.0)
    apt (>= 0.0.0)
    build-essential (= 2.0.2)
    composer (= 1.1.0)
    git (= 4.0.2)
    php (>= 0.0.0)
    symfony2 (>= 0.0.0)
  smf (2.2.7)
    rbac (>= 1.0.1)
  symfony2 (0.0.1)
    apache2 (>= 0.0.0)
    php (>= 0.0.0)
  timezone-ii (0.2.0)
  unattended-upgrades (0.0.1)
    apt (>= 0.0.0)
  vim (1.1.2)
  windows (1.38.2)
    chef_handler (>= 0.0.0)
  xml (1.2.13)
    build-essential (>= 0.0.0)
    chef-sugar (>= 0.0.0)
  yum (3.7.1)
  yum-epel (0.6.3)
    yum (~> 3.2)
  yum-mysql-community (0.1.18)
    yum (>= 3.0)
